
Microsoft Visual Studio Solution File, Format Version 12.00
# Visual Studio Version 17
VisualStudioVersion = 17.10.35122.118
MinimumVisualStudioVersion = 10.0.40219.1
Project("{FAE04EC0-301F-11D3-BF4B-00C04F79EFBC}") = "Calculator.Android", "Calculator\Calculator.Android\Calculator.Android.csproj", "{A9D19B40-707A-48C0-816B-5D0164A6A655}"
EndProject
Project("{FAE04EC0-301F-11D3-BF4B-00C04F79EFBC}") = "Calculator", "Calculator\Calculator\Calculator.csproj", "{C905354F-9098-488A-88BE-044E3DB045DE}"
EndProject
Global
	GlobalSection(SolutionConfigurationPlatforms) = preSolution
		Debug|Any CPU = Debug|Any CPU
		Release|Any CPU = Release|Any CPU
	EndGlobalSection
	GlobalSection(ProjectConfigurationPlatforms) = postSolution
		{A9D19B40-707A-48C0-816B-5D0164A6A655}.Debug|Any CPU.ActiveCfg = Debug|Any CPU
		{A9D19B40-707A-48C0-816B-5D0164A6A655}.Debug|Any CPU.Build.0 = Debug|Any CPU
		{A9D19B40-707A-48C0-816B-5D0164A6A655}.Debug|Any CPU.Deploy.0 = Debug|Any CPU
		{A9D19B40-707A-48C0-816B-5D0164A6A655}.Release|Any CPU.ActiveCfg = Release|Any CPU
		{A9D19B40-707A-48C0-816B-5D0164A6A655}.Release|Any CPU.Build.0 = Release|Any CPU
		{A9D19B40-707A-48C0-816B-5D0164A6A655}.Release|Any CPU.Deploy.0 = Release|Any CPU
		{C905354F-9098-488A-88BE-044E3DB045DE}.Debug|Any CPU.ActiveCfg = Debug|Any CPU
		{C905354F-9098-488A-88BE-044E3DB045DE}.Debug|Any CPU.Build.0 = Debug|Any CPU
		{C905354F-9098-488A-88BE-044E3DB045DE}.Release|Any CPU.ActiveCfg = Release|Any CPU
		{C905354F-9098-488A-88BE-044E3DB045DE}.Release|Any CPU.Build.0 = Release|Any CPU
	EndGlobalSection
	GlobalSection(SolutionProperties) = preSolution
		HideSolutionNode = FALSE
	EndGlobalSection
	GlobalSection(ExtensibilityGlobals) = postSolution
		SolutionGuid = {90AEC283-1E0D-4E5D-A4D8-12C56254710E}
	EndGlobalSection
EndGlobal
